// !$*UTF8*$!
{
	archiveVersion = 1;
	classes = {
	};
	objectVersion = 56;
	objects = {

/* Begin PBXBuildFile section */
		830DC6932C650D53000A0698 /* Previewer.swift in Sources */ = {isa = PBXBuildFile; fileRef = 830DC6922C650D53000A0698 /* Previewer.swift */; };
		8316B68D2C984D8500CCD571 /* Information.swift in Sources */ = {isa = PBXBuildFile; fileRef = 8316B68C2C984D8500CCD571 /* Information.swift */; };
		8316B6902C985B1800CCD571 /* EditHealthInformationViewModel.swift in Sources */ = {isa = PBXBuildFile; fileRef = 8316B68F2C985B1800CCD571 /* EditHealthInformationViewModel.swift */; };
		8316B69A2C99B80100CCD571 /* MedicineDetailView.swift in Sources */ = {isa = PBXBuildFile; fileRef = 8316B6992C99B80100CCD571 /* MedicineDetailView.swift */; };
		835517182C60D882006D111B /* PetListView.swift in Sources */ = {isa = PBXBuildFile; fileRef = 835517172C60D882006D111B /* PetListView.swift */; };
		8355171B2C6253F2006D111B /* Identification.swift in Sources */ = {isa = PBXBuildFile; fileRef = 8355171A2C6253F2006D111B /* Identification.swift */; };
		8355171E2C62666B006D111B /* AddPetViewModel.swift in Sources */ = {isa = PBXBuildFile; fileRef = 8355171D2C62666B006D111B /* AddPetViewModel.swift */; };
		835517212C626EAC006D111B /* StringExtension.swift in Sources */ = {isa = PBXBuildFile; fileRef = 835517202C626EAC006D111B /* StringExtension.swift */; };
		83636B8D2C5BCE7B004E1EE5 /* MyPetApp.swift in Sources */ = {isa = PBXBuildFile; fileRef = 83636B8C2C5BCE7B004E1EE5 /* MyPetApp.swift */; };
		83636B932C5BCE7D004E1EE5 /* Assets.xcassets in Resources */ = {isa = PBXBuildFile; fileRef = 83636B922C5BCE7D004E1EE5 /* Assets.xcassets */; };
		83636B962C5BCE7D004E1EE5 /* Preview Assets.xcassets in Resources */ = {isa = PBXBuildFile; fileRef = 83636B952C5BCE7D004E1EE5 /* Preview Assets.xcassets */; };
		83636BA32C5BCF04004E1EE5 /* AddPetView.swift in Sources */ = {isa = PBXBuildFile; fileRef = 83636BA22C5BCF04004E1EE5 /* AddPetView.swift */; };
		83636BA52C5BCF1D004E1EE5 /* Pet.swift in Sources */ = {isa = PBXBuildFile; fileRef = 83636BA42C5BCF1D004E1EE5 /* Pet.swift */; };
		8383B3792CB699E10040F440 /* WeightHistoryView.swift in Sources */ = {isa = PBXBuildFile; fileRef = 8383B3782CB699E10040F440 /* WeightHistoryView.swift */; };
		8383B37D2CB815390040F440 /* LaunchScreen.storyboard in Resources */ = {isa = PBXBuildFile; fileRef = 8383B37C2CB815390040F440 /* LaunchScreen.storyboard */; };
		83A02EB52C99D070003360A4 /* CalendarExtension.swift in Sources */ = {isa = PBXBuildFile; fileRef = 83A02EB42C99D070003360A4 /* CalendarExtension.swift */; };
		83A02EB72CA174C7003360A4 /* ModelContext.swift in Sources */ = {isa = PBXBuildFile; fileRef = 83A02EB62CA174C7003360A4 /* ModelContext.swift */; };
		83A02EB92CA2DEAC003360A4 /* EditVeterinarianView.swift in Sources */ = {isa = PBXBuildFile; fileRef = 83A02EB82CA2DEAC003360A4 /* EditVeterinarianView.swift */; };
		83A02EBB2CA2DEDD003360A4 /* EditVeterinarianViewModel.swift in Sources */ = {isa = PBXBuildFile; fileRef = 83A02EBA2CA2DEDD003360A4 /* EditVeterinarianViewModel.swift */; };
		83A02EBE2CA2EC42003360A4 /* ChartView.swift in Sources */ = {isa = PBXBuildFile; fileRef = 83A02EBD2CA2EC42003360A4 /* ChartView.swift */; };
		83A02EC02CA2ED84003360A4 /* Weight.swift in Sources */ = {isa = PBXBuildFile; fileRef = 83A02EBF2CA2ED84003360A4 /* Weight.swift */; };
		83A02EC22CA2F0FD003360A4 /* ChartViewModel.swift in Sources */ = {isa = PBXBuildFile; fileRef = 83A02EC12CA2F0FD003360A4 /* ChartViewModel.swift */; };
		83A02ECB2CAC33B0003360A4 /* ViewModifier.swift in Sources */ = {isa = PBXBuildFile; fileRef = 83A02ECA2CAC33B0003360A4 /* ViewModifier.swift */; };
		83A02ECD2CAC355B003360A4 /* View.swift in Sources */ = {isa = PBXBuildFile; fileRef = 83A02ECC2CAC355B003360A4 /* View.swift */; };
		83A02ED42CAECA5B003360A4 /* LinearGradientExtension.swift in Sources */ = {isa = PBXBuildFile; fileRef = 83A02ED32CAECA5B003360A4 /* LinearGradientExtension.swift */; };
		83A23C4C2C6E42D500B7DEC3 /* DateExtension.swift in Sources */ = {isa = PBXBuildFile; fileRef = 83A23C4B2C6E42D500B7DEC3 /* DateExtension.swift */; };
		83A23C4E2C6E4F9D00B7DEC3 /* ThickDividerView.swift in Sources */ = {isa = PBXBuildFile; fileRef = 83A23C4D2C6E4F9D00B7DEC3 /* ThickDividerView.swift */; };
		83B0076D2CE6624800247383 /* ArrayExtension.swift in Sources */ = {isa = PBXBuildFile; fileRef = 83B0076C2CE6624800247383 /* ArrayExtension.swift */; };
		83BA03F42C7379F100391642 /* PetTabView.swift in Sources */ = {isa = PBXBuildFile; fileRef = 83BA03F32C7379F100391642 /* PetTabView.swift */; };
		83BA04002C7762E200391642 /* EditInformationView.swift in Sources */ = {isa = PBXBuildFile; fileRef = 83BA03FF2C7762E200391642 /* EditInformationView.swift */; };
		83BA04022C77656900391642 /* Favorite.swift in Sources */ = {isa = PBXBuildFile; fileRef = 83BA04012C77656900391642 /* Favorite.swift */; };
		83BA040A2C7CADDD00391642 /* EditInformationViewModel.swift in Sources */ = {isa = PBXBuildFile; fileRef = 83BA04092C7CADDD00391642 /* EditInformationViewModel.swift */; };
		83BA040C2C7CC3B600391642 /* BindingExtension.swift in Sources */ = {isa = PBXBuildFile; fileRef = 83BA040B2C7CC3B600391642 /* BindingExtension.swift */; };
		83BB914F2C6651050063185C /* ImageExtension.swift in Sources */ = {isa = PBXBuildFile; fileRef = 83BB914E2C6651050063185C /* ImageExtension.swift */; };
		83BB91522C6660A70063185C /* InformationListView.swift in Sources */ = {isa = PBXBuildFile; fileRef = 83BB91512C6660A70063185C /* InformationListView.swift */; };
		83CD7E582C85E7FB0091FB50 /* Veterinarian.swift in Sources */ = {isa = PBXBuildFile; fileRef = 83CD7E572C85E7FB0091FB50 /* Veterinarian.swift */; };
		83CD7E5F2C85ECE20091FB50 /* CategoryTitleView.swift in Sources */ = {isa = PBXBuildFile; fileRef = 83CD7E5E2C85ECE20091FB50 /* CategoryTitleView.swift */; };
		83CD7E632C85FC070091FB50 /* Medicine.swift in Sources */ = {isa = PBXBuildFile; fileRef = 83CD7E622C85FC070091FB50 /* Medicine.swift */; };
		83CD7E672C8606F40091FB50 /* VeterinarianView.swift in Sources */ = {isa = PBXBuildFile; fileRef = 83CD7E662C8606F40091FB50 /* VeterinarianView.swift */; };
		83CD7E6F2C8890560091FB50 /* AddMedicineView.swift in Sources */ = {isa = PBXBuildFile; fileRef = 83CD7E6E2C8890560091FB50 /* AddMedicineView.swift */; };
		83CD7E762C8894E40091FB50 /* EditListView.swift in Sources */ = {isa = PBXBuildFile; fileRef = 83CD7E752C8894E40091FB50 /* EditListView.swift */; };
		83CD7E782C889C1B0091FB50 /* EmptyListView.swift in Sources */ = {isa = PBXBuildFile; fileRef = 83CD7E772C889C1B0091FB50 /* EmptyListView.swift */; };
		83CD7E822C8F201C0091FB50 /* MedicineView.swift in Sources */ = {isa = PBXBuildFile; fileRef = 83CD7E812C8F201C0091FB50 /* MedicineView.swift */; };
		83CD7E842C8F208D0091FB50 /* MedicineCardView.swift in Sources */ = {isa = PBXBuildFile; fileRef = 83CD7E832C8F208D0091FB50 /* MedicineCardView.swift */; };
		83CD7E8A2C8F315C0091FB50 /* AddMedicineViewModel.swift in Sources */ = {isa = PBXBuildFile; fileRef = 83CD7E892C8F315C0091FB50 /* AddMedicineViewModel.swift */; };
		83CD7EA12C9311BE0091FB50 /* Health.swift in Sources */ = {isa = PBXBuildFile; fileRef = 83CD7EA02C9311BE0091FB50 /* Health.swift */; };
		83CD7EA52C9316BB0091FB50 /* InformationView.swift in Sources */ = {isa = PBXBuildFile; fileRef = 83CD7EA42C9316BB0091FB50 /* InformationView.swift */; };
		83CD7EA82C9319270091FB50 /* HealthInformationView.swift in Sources */ = {isa = PBXBuildFile; fileRef = 83CD7EA72C9319270091FB50 /* HealthInformationView.swift */; };
		83CD7EAA2C93240A0091FB50 /* EditHealthInformationView.swift in Sources */ = {isa = PBXBuildFile; fileRef = 83CD7EA92C93240A0091FB50 /* EditHealthInformationView.swift */; };
		83CD7EAE2C9339540091FB50 /* EditListViewModel.swift in Sources */ = {isa = PBXBuildFile; fileRef = 83CD7EAD2C9339540091FB50 /* EditListViewModel.swift */; };
		83D15E762CD282D70007ADC1 /* PhotoPickerCenter.swift in Sources */ = {isa = PBXBuildFile; fileRef = 83D15E752CD282D70007ADC1 /* PhotoPickerCenter.swift */; };
		83D15E782CD3B0AF0007ADC1 /* HideKeyboardView.swift in Sources */ = {isa = PBXBuildFile; fileRef = 83D15E772CD3B0AF0007ADC1 /* HideKeyboardView.swift */; };
		83D15E7C2CDBC85E0007ADC1 /* NotificationHelper.swift in Sources */ = {isa = PBXBuildFile; fileRef = 83D15E7B2CDBC85E0007ADC1 /* NotificationHelper.swift */; };
		83D441442C7E171B00EBAEDB /* InformationListViewModel.swift in Sources */ = {isa = PBXBuildFile; fileRef = 83D441432C7E171B00EBAEDB /* InformationListViewModel.swift */; };
		83D441462C809CFA00EBAEDB /* OptionalExtension.swift in Sources */ = {isa = PBXBuildFile; fileRef = 83D441452C809CFA00EBAEDB /* OptionalExtension.swift */; };
		83E912CD2CC9456F00A18A19 /* EditInformationListView.swift in Sources */ = {isa = PBXBuildFile; fileRef = 83E912CC2CC9456F00A18A19 /* EditInformationListView.swift */; };
		83E912CF2CC9470000A18A19 /* EditInformationListViewModel.swift in Sources */ = {isa = PBXBuildFile; fileRef = 83E912CE2CC9470000A18A19 /* EditInformationListViewModel.swift */; };
/* End PBXBuildFile section */

/* Begin PBXFileReference section */
		830DC6922C650D53000A0698 /* Previewer.swift */ = {isa = PBXFileReference; lastKnownFileType = sourcecode.swift; path = Previewer.swift; sourceTree = "<group>"; };
		8316B68C2C984D8500CCD571 /* Information.swift */ = {isa = PBXFileReference; lastKnownFileType = sourcecode.swift; path = Information.swift; sourceTree = "<group>"; };
		8316B68F2C985B1800CCD571 /* EditHealthInformationViewModel.swift */ = {isa = PBXFileReference; lastKnownFileType = sourcecode.swift; path = EditHealthInformationViewModel.swift; sourceTree = "<group>"; };
		8316B6992C99B80100CCD571 /* MedicineDetailView.swift */ = {isa = PBXFileReference; lastKnownFileType = sourcecode.swift; path = MedicineDetailView.swift; sourceTree = "<group>"; };
		835517172C60D882006D111B /* PetListView.swift */ = {isa = PBXFileReference; lastKnownFileType = sourcecode.swift; path = PetListView.swift; sourceTree = "<group>"; };
		8355171A2C6253F2006D111B /* Identification.swift */ = {isa = PBXFileReference; lastKnownFileType = sourcecode.swift; path = Identification.swift; sourceTree = "<group>"; };
		8355171D2C62666B006D111B /* AddPetViewModel.swift */ = {isa = PBXFileReference; lastKnownFileType = sourcecode.swift; path = AddPetViewModel.swift; sourceTree = "<group>"; };
		835517202C626EAC006D111B /* StringExtension.swift */ = {isa = PBXFileReference; lastKnownFileType = sourcecode.swift; path = StringExtension.swift; sourceTree = "<group>"; };
		83636B892C5BCE7B004E1EE5 /* MyPet.app */ = {isa = PBXFileReference; explicitFileType = wrapper.application; includeInIndex = 0; path = MyPet.app; sourceTree = BUILT_PRODUCTS_DIR; };
		83636B8C2C5BCE7B004E1EE5 /* MyPetApp.swift */ = {isa = PBXFileReference; lastKnownFileType = sourcecode.swift; path = MyPetApp.swift; sourceTree = "<group>"; };
		83636B922C5BCE7D004E1EE5 /* Assets.xcassets */ = {isa = PBXFileReference; lastKnownFileType = folder.assetcatalog; path = Assets.xcassets; sourceTree = "<group>"; };
		83636B952C5BCE7D004E1EE5 /* Preview Assets.xcassets */ = {isa = PBXFileReference; lastKnownFileType = folder.assetcatalog; path = "Preview Assets.xcassets"; sourceTree = "<group>"; };
		83636BA22C5BCF04004E1EE5 /* AddPetView.swift */ = {isa = PBXFileReference; lastKnownFileType = sourcecode.swift; path = AddPetView.swift; sourceTree = "<group>"; };
		83636BA42C5BCF1D004E1EE5 /* Pet.swift */ = {isa = PBXFileReference; lastKnownFileType = sourcecode.swift; path = Pet.swift; sourceTree = "<group>"; };
		8383B3782CB699E10040F440 /* WeightHistoryView.swift */ = {isa = PBXFileReference; lastKnownFileType = sourcecode.swift; path = WeightHistoryView.swift; sourceTree = "<group>"; };
		8383B37C2CB815390040F440 /* LaunchScreen.storyboard */ = {isa = PBXFileReference; lastKnownFileType = file.storyboard; path = LaunchScreen.storyboard; sourceTree = "<group>"; };
		83A02EB42C99D070003360A4 /* CalendarExtension.swift */ = {isa = PBXFileReference; lastKnownFileType = sourcecode.swift; path = CalendarExtension.swift; sourceTree = "<group>"; };
		83A02EB62CA174C7003360A4 /* ModelContext.swift */ = {isa = PBXFileReference; lastKnownFileType = sourcecode.swift; path = ModelContext.swift; sourceTree = "<group>"; };
		83A02EB82CA2DEAC003360A4 /* EditVeterinarianView.swift */ = {isa = PBXFileReference; lastKnownFileType = sourcecode.swift; path = EditVeterinarianView.swift; sourceTree = "<group>"; };
		83A02EBA2CA2DEDD003360A4 /* EditVeterinarianViewModel.swift */ = {isa = PBXFileReference; lastKnownFileType = sourcecode.swift; path = EditVeterinarianViewModel.swift; sourceTree = "<group>"; };
		83A02EBD2CA2EC42003360A4 /* ChartView.swift */ = {isa = PBXFileReference; lastKnownFileType = sourcecode.swift; path = ChartView.swift; sourceTree = "<group>"; };
		83A02EBF2CA2ED84003360A4 /* Weight.swift */ = {isa = PBXFileReference; lastKnownFileType = sourcecode.swift; path = Weight.swift; sourceTree = "<group>"; };
		83A02EC12CA2F0FD003360A4 /* ChartViewModel.swift */ = {isa = PBXFileReference; lastKnownFileType = sourcecode.swift; path = ChartViewModel.swift; sourceTree = "<group>"; };
		83A02ECA2CAC33B0003360A4 /* ViewModifier.swift */ = {isa = PBXFileReference; lastKnownFileType = sourcecode.swift; path = ViewModifier.swift; sourceTree = "<group>"; };
		83A02ECC2CAC355B003360A4 /* View.swift */ = {isa = PBXFileReference; lastKnownFileType = sourcecode.swift; path = View.swift; sourceTree = "<group>"; };
		83A02ED32CAECA5B003360A4 /* LinearGradientExtension.swift */ = {isa = PBXFileReference; lastKnownFileType = sourcecode.swift; path = LinearGradientExtension.swift; sourceTree = "<group>"; };
		83A23C4B2C6E42D500B7DEC3 /* DateExtension.swift */ = {isa = PBXFileReference; lastKnownFileType = sourcecode.swift; path = DateExtension.swift; sourceTree = "<group>"; };
		83A23C4D2C6E4F9D00B7DEC3 /* ThickDividerView.swift */ = {isa = PBXFileReference; lastKnownFileType = sourcecode.swift; path = ThickDividerView.swift; sourceTree = "<group>"; };
		83B0076C2CE6624800247383 /* ArrayExtension.swift */ = {isa = PBXFileReference; lastKnownFileType = sourcecode.swift; path = ArrayExtension.swift; sourceTree = "<group>"; };
		83BA03F32C7379F100391642 /* PetTabView.swift */ = {isa = PBXFileReference; lastKnownFileType = sourcecode.swift; path = PetTabView.swift; sourceTree = "<group>"; };
		83BA03FF2C7762E200391642 /* EditInformationView.swift */ = {isa = PBXFileReference; lastKnownFileType = sourcecode.swift; path = EditInformationView.swift; sourceTree = "<group>"; };
		83BA04012C77656900391642 /* Favorite.swift */ = {isa = PBXFileReference; lastKnownFileType = sourcecode.swift; path = Favorite.swift; sourceTree = "<group>"; };
		83BA04092C7CADDD00391642 /* EditInformationViewModel.swift */ = {isa = PBXFileReference; lastKnownFileType = sourcecode.swift; path = EditInformationViewModel.swift; sourceTree = "<group>"; };
		83BA040B2C7CC3B600391642 /* BindingExtension.swift */ = {isa = PBXFileReference; lastKnownFileType = sourcecode.swift; path = BindingExtension.swift; sourceTree = "<group>"; };
		83BB914E2C6651050063185C /* ImageExtension.swift */ = {isa = PBXFileReference; lastKnownFileType = sourcecode.swift; path = ImageExtension.swift; sourceTree = "<group>"; };
		83BB91512C6660A70063185C /* InformationListView.swift */ = {isa = PBXFileReference; lastKnownFileType = sourcecode.swift; path = InformationListView.swift; sourceTree = "<group>"; };
		83CD7E572C85E7FB0091FB50 /* Veterinarian.swift */ = {isa = PBXFileReference; lastKnownFileType = sourcecode.swift; path = Veterinarian.swift; sourceTree = "<group>"; };
		83CD7E5E2C85ECE20091FB50 /* CategoryTitleView.swift */ = {isa = PBXFileReference; lastKnownFileType = sourcecode.swift; path = CategoryTitleView.swift; sourceTree = "<group>"; };
		83CD7E622C85FC070091FB50 /* Medicine.swift */ = {isa = PBXFileReference; lastKnownFileType = sourcecode.swift; path = Medicine.swift; sourceTree = "<group>"; };
		83CD7E662C8606F40091FB50 /* VeterinarianView.swift */ = {isa = PBXFileReference; lastKnownFileType = sourcecode.swift; path = VeterinarianView.swift; sourceTree = "<group>"; };
		83CD7E6E2C8890560091FB50 /* AddMedicineView.swift */ = {isa = PBXFileReference; lastKnownFileType = sourcecode.swift; path = AddMedicineView.swift; sourceTree = "<group>"; };
		83CD7E752C8894E40091FB50 /* EditListView.swift */ = {isa = PBXFileReference; lastKnownFileType = sourcecode.swift; path = EditListView.swift; sourceTree = "<group>"; };
		83CD7E772C889C1B0091FB50 /* EmptyListView.swift */ = {isa = PBXFileReference; lastKnownFileType = sourcecode.swift; path = EmptyListView.swift; sourceTree = "<group>"; };
		83CD7E812C8F201C0091FB50 /* MedicineView.swift */ = {isa = PBXFileReference; lastKnownFileType = sourcecode.swift; path = MedicineView.swift; sourceTree = "<group>"; };
		83CD7E832C8F208D0091FB50 /* MedicineCardView.swift */ = {isa = PBXFileReference; lastKnownFileType = sourcecode.swift; path = MedicineCardView.swift; sourceTree = "<group>"; };
		83CD7E892C8F315C0091FB50 /* AddMedicineViewModel.swift */ = {isa = PBXFileReference; lastKnownFileType = sourcecode.swift; path = AddMedicineViewModel.swift; sourceTree = "<group>"; };
		83CD7EA02C9311BE0091FB50 /* Health.swift */ = {isa = PBXFileReference; lastKnownFileType = sourcecode.swift; path = Health.swift; sourceTree = "<group>"; };
		83CD7EA42C9316BB0091FB50 /* InformationView.swift */ = {isa = PBXFileReference; lastKnownFileType = sourcecode.swift; path = InformationView.swift; sourceTree = "<group>"; };
		83CD7EA72C9319270091FB50 /* HealthInformationView.swift */ = {isa = PBXFileReference; lastKnownFileType = sourcecode.swift; path = HealthInformationView.swift; sourceTree = "<group>"; };
		83CD7EA92C93240A0091FB50 /* EditHealthInformationView.swift */ = {isa = PBXFileReference; lastKnownFileType = sourcecode.swift; path = EditHealthInformationView.swift; sourceTree = "<group>"; };
		83CD7EAD2C9339540091FB50 /* EditListViewModel.swift */ = {isa = PBXFileReference; lastKnownFileType = sourcecode.swift; path = EditListViewModel.swift; sourceTree = "<group>"; };
		83D15E752CD282D70007ADC1 /* PhotoPickerCenter.swift */ = {isa = PBXFileReference; lastKnownFileType = sourcecode.swift; path = PhotoPickerCenter.swift; sourceTree = "<group>"; };
		83D15E772CD3B0AF0007ADC1 /* HideKeyboardView.swift */ = {isa = PBXFileReference; lastKnownFileType = sourcecode.swift; path = HideKeyboardView.swift; sourceTree = "<group>"; };
		83D15E7B2CDBC85E0007ADC1 /* NotificationHelper.swift */ = {isa = PBXFileReference; lastKnownFileType = sourcecode.swift; path = NotificationHelper.swift; sourceTree = "<group>"; };
		83D441432C7E171B00EBAEDB /* InformationListViewModel.swift */ = {isa = PBXFileReference; lastKnownFileType = sourcecode.swift; path = InformationListViewModel.swift; sourceTree = "<group>"; };
		83D441452C809CFA00EBAEDB /* OptionalExtension.swift */ = {isa = PBXFileReference; lastKnownFileType = sourcecode.swift; path = OptionalExtension.swift; sourceTree = "<group>"; };
		83E912CC2CC9456F00A18A19 /* EditInformationListView.swift */ = {isa = PBXFileReference; lastKnownFileType = sourcecode.swift; path = EditInformationListView.swift; sourceTree = "<group>"; };
		83E912CE2CC9470000A18A19 /* EditInformationListViewModel.swift */ = {isa = PBXFileReference; lastKnownFileType = sourcecode.swift; path = EditInformationListViewModel.swift; sourceTree = "<group>"; };
/* End PBXFileReference section */

/* Begin PBXFrameworksBuildPhase section */
		83636B862C5BCE7B004E1EE5 /* Frameworks */ = {
			isa = PBXFrameworksBuildPhase;
			buildActionMask = 2147483647;
			files = (
			);
			runOnlyForDeploymentPostprocessing = 0;
		};
/* End PBXFrameworksBuildPhase section */

/* Begin PBXGroup section */
		830DC6912C650D46000A0698 /* Utility */ = {
			isa = PBXGroup;
			children = (
				83D15E742CD282C80007ADC1 /* Helper */,
				83D15E712CD26B9C0007ADC1 /* Previewer */,
				83A23C482C6E369200B7DEC3 /* ReusableView */,
			);
			path = Utility;
			sourceTree = "<group>";
		};
		8316B68E2C985AF800CCD571 /* EditHealthInformationView */ = {
			isa = PBXGroup;
			children = (
				83CD7EA92C93240A0091FB50 /* EditHealthInformationView.swift */,
				8316B68F2C985B1800CCD571 /* EditHealthInformationViewModel.swift */,
			);
			path = EditHealthInformationView;
			sourceTree = "<group>";
		};
		8316B6912C985ED200CCD571 /* PetTabView */ = {
			isa = PBXGroup;
			children = (
				83BA03F32C7379F100391642 /* PetTabView.swift */,
			);
			path = PetTabView;
			sourceTree = "<group>";
		};
		8316B6922C985EF300CCD571 /* InformationView */ = {
			isa = PBXGroup;
			children = (
				83CD7EA42C9316BB0091FB50 /* InformationView.swift */,
			);
			path = InformationView;
			sourceTree = "<group>";
		};
		8316B6932C985EFE00CCD571 /* HealthInformationView */ = {
			isa = PBXGroup;
			children = (
				83CD7EA72C9319270091FB50 /* HealthInformationView.swift */,
			);
			path = HealthInformationView;
			sourceTree = "<group>";
		};
		8316B6972C99AE7E00CCD571 /* MedicineCardView */ = {
			isa = PBXGroup;
			children = (
				83CD7E832C8F208D0091FB50 /* MedicineCardView.swift */,
			);
			path = MedicineCardView;
			sourceTree = "<group>";
		};
		8316B6982C99B7EC00CCD571 /* MedicineDetailView */ = {
			isa = PBXGroup;
			children = (
				8316B6992C99B80100CCD571 /* MedicineDetailView.swift */,
			);
			path = MedicineDetailView;
			sourceTree = "<group>";
		};
		835517192C6253E5006D111B /* Model */ = {
			isa = PBXGroup;
			children = (
				83636BA42C5BCF1D004E1EE5 /* Pet.swift */,
				8316B68C2C984D8500CCD571 /* Information.swift */,
				8355171A2C6253F2006D111B /* Identification.swift */,
				83BA04012C77656900391642 /* Favorite.swift */,
				83CD7E572C85E7FB0091FB50 /* Veterinarian.swift */,
				83CD7EA02C9311BE0091FB50 /* Health.swift */,
				83CD7E622C85FC070091FB50 /* Medicine.swift */,
				83A02EBF2CA2ED84003360A4 /* Weight.swift */,
			);
			path = Model;
			sourceTree = "<group>";
		};
		8355171C2C6265F8006D111B /* AddPetView */ = {
			isa = PBXGroup;
			children = (
				83636BA22C5BCF04004E1EE5 /* AddPetView.swift */,
				8355171D2C62666B006D111B /* AddPetViewModel.swift */,
			);
			path = AddPetView;
			sourceTree = "<group>";
		};
		8355171F2C626E9E006D111B /* Extension */ = {
			isa = PBXGroup;
			children = (
				835517202C626EAC006D111B /* StringExtension.swift */,
				83BB914E2C6651050063185C /* ImageExtension.swift */,
				83A23C4B2C6E42D500B7DEC3 /* DateExtension.swift */,
				83BA040B2C7CC3B600391642 /* BindingExtension.swift */,
				83D441452C809CFA00EBAEDB /* OptionalExtension.swift */,
				83A02EB42C99D070003360A4 /* CalendarExtension.swift */,
				83A02EB62CA174C7003360A4 /* ModelContext.swift */,
				83A02ECA2CAC33B0003360A4 /* ViewModifier.swift */,
				83A02ECC2CAC355B003360A4 /* View.swift */,
				83A02ED32CAECA5B003360A4 /* LinearGradientExtension.swift */,
				83B0076C2CE6624800247383 /* ArrayExtension.swift */,
			);
			path = Extension;
			sourceTree = "<group>";
		};
		835517222C627ACB006D111B /* PetListView */ = {
			isa = PBXGroup;
			children = (
				835517172C60D882006D111B /* PetListView.swift */,
			);
			path = PetListView;
			sourceTree = "<group>";
		};
		83636B802C5BCE7B004E1EE5 = {
			isa = PBXGroup;
			children = (
				83636B8B2C5BCE7B004E1EE5 /* MyPet */,
				83636B8A2C5BCE7B004E1EE5 /* Products */,
			);
			sourceTree = "<group>";
		};
		83636B8A2C5BCE7B004E1EE5 /* Products */ = {
			isa = PBXGroup;
			children = (
				83636B892C5BCE7B004E1EE5 /* MyPet.app */,
			);
			name = Products;
			sourceTree = "<group>";
		};
		83636B8B2C5BCE7B004E1EE5 /* MyPet */ = {
			isa = PBXGroup;
			children = (
				835517192C6253E5006D111B /* Model */,
				83636BA62C5BD1FF004E1EE5 /* View+ViewModel */,
				83636B942C5BCE7D004E1EE5 /* Preview Content */,
				83636BA72C5BD212004E1EE5 /* MainFile */,
				830DC6912C650D46000A0698 /* Utility */,
				8355171F2C626E9E006D111B /* Extension */,
			);
			path = MyPet;
			sourceTree = "<group>";
		};
		83636B942C5BCE7D004E1EE5 /* Preview Content */ = {
			isa = PBXGroup;
			children = (
				83636B952C5BCE7D004E1EE5 /* Preview Assets.xcassets */,
			);
			path = "Preview Content";
			sourceTree = "<group>";
		};
		83636BA62C5BD1FF004E1EE5 /* View+ViewModel */ = {
			isa = PBXGroup;
			children = (
				835517222C627ACB006D111B /* PetListView */,
				8355171C2C6265F8006D111B /* AddPetView */,
				83BB91492C6649A80063185C /* PetTabView */,
			);
			path = "View+ViewModel";
			sourceTree = "<group>";
		};
		83636BA72C5BD212004E1EE5 /* MainFile */ = {
			isa = PBXGroup;
			children = (
				83636B8C2C5BCE7B004E1EE5 /* MyPetApp.swift */,
				83636B922C5BCE7D004E1EE5 /* Assets.xcassets */,
				8383B37C2CB815390040F440 /* LaunchScreen.storyboard */,
			);
			path = MainFile;
			sourceTree = "<group>";
		};
		8383B3742CB681790040F440 /* VeterinarianView */ = {
			isa = PBXGroup;
			children = (
				83CD7E662C8606F40091FB50 /* VeterinarianView.swift */,
			);
			path = VeterinarianView;
			sourceTree = "<group>";
		};
		8383B3752CB681840040F440 /* EditVeterinarianView */ = {
			isa = PBXGroup;
			children = (
				83A02EB82CA2DEAC003360A4 /* EditVeterinarianView.swift */,
				83A02EBA2CA2DEDD003360A4 /* EditVeterinarianViewModel.swift */,
			);
			path = EditVeterinarianView;
			sourceTree = "<group>";
		};
		8383B3762CB699320040F440 /* ChartView */ = {
			isa = PBXGroup;
			children = (
				83A02EBD2CA2EC42003360A4 /* ChartView.swift */,
				83A02EC12CA2F0FD003360A4 /* ChartViewModel.swift */,
			);
			path = ChartView;
			sourceTree = "<group>";
		};
		8383B3772CB6993B0040F440 /* WeightHistoryView */ = {
			isa = PBXGroup;
			children = (
				8383B3782CB699E10040F440 /* WeightHistoryView.swift */,
			);
			path = WeightHistoryView;
			sourceTree = "<group>";
		};
		83A02EBC2CA2EC2D003360A4 /* ChartTab */ = {
			isa = PBXGroup;
			children = (
				8383B3762CB699320040F440 /* ChartView */,
				8383B3772CB6993B0040F440 /* WeightHistoryView */,
			);
			path = ChartTab;
			sourceTree = "<group>";
		};
		83A23C482C6E369200B7DEC3 /* ReusableView */ = {
			isa = PBXGroup;
			children = (
				83A23C4D2C6E4F9D00B7DEC3 /* ThickDividerView.swift */,
				83CD7E5E2C85ECE20091FB50 /* CategoryTitleView.swift */,
				83CD7E772C889C1B0091FB50 /* EmptyListView.swift */,
				83D15E772CD3B0AF0007ADC1 /* HideKeyboardView.swift */,
			);
			path = ReusableView;
			sourceTree = "<group>";
		};
		83BA04082C7CADC900391642 /* EditInformation */ = {
			isa = PBXGroup;
			children = (
				83BA03FF2C7762E200391642 /* EditInformationView.swift */,
				83BA04092C7CADDD00391642 /* EditInformationViewModel.swift */,
			);
			path = EditInformation;
			sourceTree = "<group>";
		};
		83BB91492C6649A80063185C /* PetTabView */ = {
			isa = PBXGroup;
			children = (
				8316B6912C985ED200CCD571 /* PetTabView */,
				83BB91502C6660970063185C /* InformationTab */,
				83CD7E592C85E9CC0091FB50 /* MedicineTab */,
				83CD7E652C8606D80091FB50 /* VeterinarianTab */,
				83A02EBC2CA2EC2D003360A4 /* ChartTab */,
			);
			path = PetTabView;
			sourceTree = "<group>";
		};
		83BB91502C6660970063185C /* InformationTab */ = {
			isa = PBXGroup;
			children = (
				83CD7EA32C93168A0091FB50 /* InformationListView */,
				83CD7EA22C9316090091FB50 /* InformationView */,
				83CD7EA62C9319180091FB50 /* HealthInformationView */,
			);
			path = InformationTab;
			sourceTree = "<group>";
		};
		83CD7E592C85E9CC0091FB50 /* MedicineTab */ = {
			isa = PBXGroup;
			children = (
				83CD7E802C8F20040091FB50 /* MedicineView */,
				8316B6972C99AE7E00CCD571 /* MedicineCardView */,
				83CD7E882C8F314A0091FB50 /* AddMedicineView */,
				8316B6982C99B7EC00CCD571 /* MedicineDetailView */,
			);
			path = MedicineTab;
			sourceTree = "<group>";
		};
		83CD7E652C8606D80091FB50 /* VeterinarianTab */ = {
			isa = PBXGroup;
			children = (
				8383B3742CB681790040F440 /* VeterinarianView */,
				8383B3752CB681840040F440 /* EditVeterinarianView */,
			);
			path = VeterinarianTab;
			sourceTree = "<group>";
		};
		83CD7E742C8894D70091FB50 /* EditListView */ = {
			isa = PBXGroup;
			children = (
				83CD7E752C8894E40091FB50 /* EditListView.swift */,
				83CD7EAD2C9339540091FB50 /* EditListViewModel.swift */,
			);
			path = EditListView;
			sourceTree = "<group>";
		};
		83CD7E802C8F20040091FB50 /* MedicineView */ = {
			isa = PBXGroup;
			children = (
				83CD7E812C8F201C0091FB50 /* MedicineView.swift */,
			);
			path = MedicineView;
			sourceTree = "<group>";
		};
		83CD7E882C8F314A0091FB50 /* AddMedicineView */ = {
			isa = PBXGroup;
			children = (
				83CD7E6E2C8890560091FB50 /* AddMedicineView.swift */,
				83CD7E892C8F315C0091FB50 /* AddMedicineViewModel.swift */,
			);
			path = AddMedicineView;
			sourceTree = "<group>";
		};
		83CD7EA22C9316090091FB50 /* InformationView */ = {
			isa = PBXGroup;
			children = (
				8316B6922C985EF300CCD571 /* InformationView */,
				83BA04082C7CADC900391642 /* EditInformation */,
			);
			path = InformationView;
			sourceTree = "<group>";
		};
		83CD7EA32C93168A0091FB50 /* InformationListView */ = {
			isa = PBXGroup;
			children = (
				83E912CA2CC9455500A18A19 /* InformationListView */,
				83E912CB2CC9456000A18A19 /* EditInformationListView */,
			);
			path = InformationListView;
			sourceTree = "<group>";
		};
		83CD7EA62C9319180091FB50 /* HealthInformationView */ = {
			isa = PBXGroup;
			children = (
				8316B6932C985EFE00CCD571 /* HealthInformationView */,
				8316B68E2C985AF800CCD571 /* EditHealthInformationView */,
				83CD7E742C8894D70091FB50 /* EditListView */,
			);
			path = HealthInformationView;
			sourceTree = "<group>";
		};
		83D15E712CD26B9C0007ADC1 /* Previewer */ = {
			isa = PBXGroup;
			children = (
				830DC6922C650D53000A0698 /* Previewer.swift */,
			);
			path = Previewer;
			sourceTree = "<group>";
		};
		83D15E742CD282C80007ADC1 /* Helper */ = {
			isa = PBXGroup;
			children = (
				83D15E752CD282D70007ADC1 /* PhotoPickerCenter.swift */,
				83D15E7B2CDBC85E0007ADC1 /* NotificationHelper.swift */,
			);
			path = Helper;
			sourceTree = "<group>";
		};
		83E912CA2CC9455500A18A19 /* InformationListView */ = {
			isa = PBXGroup;
			children = (
				83BB91512C6660A70063185C /* InformationListView.swift */,
				83D441432C7E171B00EBAEDB /* InformationListViewModel.swift */,
			);
			path = InformationListView;
			sourceTree = "<group>";
		};
		83E912CB2CC9456000A18A19 /* EditInformationListView */ = {
			isa = PBXGroup;
			children = (
				83E912CC2CC9456F00A18A19 /* EditInformationListView.swift */,
				83E912CE2CC9470000A18A19 /* EditInformationListViewModel.swift */,
			);
			path = EditInformationListView;
			sourceTree = "<group>";
		};
/* End PBXGroup section */

/* Begin PBXNativeTarget section */
		83636B882C5BCE7B004E1EE5 /* MyPet */ = {
			isa = PBXNativeTarget;
			buildConfigurationList = 83636B992C5BCE7D004E1EE5 /* Build configuration list for PBXNativeTarget "MyPet" */;
			buildPhases = (
				83636B852C5BCE7B004E1EE5 /* Sources */,
				83636B862C5BCE7B004E1EE5 /* Frameworks */,
				83636B872C5BCE7B004E1EE5 /* Resources */,
				835517162C60CB80006D111B /* ShellScript */,
			);
			buildRules = (
			);
			dependencies = (
			);
			name = MyPet;
			productName = MyPet;
			productReference = 83636B892C5BCE7B004E1EE5 /* MyPet.app */;
			productType = "com.apple.product-type.application";
		};
/* End PBXNativeTarget section */

/* Begin PBXProject section */
		83636B812C5BCE7B004E1EE5 /* Project object */ = {
			isa = PBXProject;
			attributes = {
				BuildIndependentTargetsInParallel = 1;
				LastSwiftUpdateCheck = 1540;
				LastUpgradeCheck = 1540;
				TargetAttributes = {
					83636B882C5BCE7B004E1EE5 = {
						CreatedOnToolsVersion = 15.4;
					};
				};
			};
			buildConfigurationList = 83636B842C5BCE7B004E1EE5 /* Build configuration list for PBXProject "MyPet" */;
			compatibilityVersion = "Xcode 14.0";
			developmentRegion = en;
			hasScannedForEncodings = 0;
			knownRegions = (
				en,
				Base,
			);
			mainGroup = 83636B802C5BCE7B004E1EE5;
			productRefGroup = 83636B8A2C5BCE7B004E1EE5 /* Products */;
			projectDirPath = "";
			projectRoot = "";
			targets = (
				83636B882C5BCE7B004E1EE5 /* MyPet */,
			);
		};
/* End PBXProject section */

/* Begin PBXResourcesBuildPhase section */
		83636B872C5BCE7B004E1EE5 /* Resources */ = {
			isa = PBXResourcesBuildPhase;
			buildActionMask = 2147483647;
			files = (
				8383B37D2CB815390040F440 /* LaunchScreen.storyboard in Resources */,
				83636B962C5BCE7D004E1EE5 /* Preview Assets.xcassets in Resources */,
				83636B932C5BCE7D004E1EE5 /* Assets.xcassets in Resources */,
			);
			runOnlyForDeploymentPostprocessing = 0;
		};
/* End PBXResourcesBuildPhase section */

/* Begin PBXShellScriptBuildPhase section */
		835517162C60CB80006D111B /* ShellScript */ = {
			isa = PBXShellScriptBuildPhase;
			alwaysOutOfDate = 1;
			buildActionMask = 2147483647;
			files = (
			);
			inputFileListPaths = (
			);
			inputPaths = (
			);
			outputFileListPaths = (
			);
			outputPaths = (
			);
			runOnlyForDeploymentPostprocessing = 0;
			shellPath = /bin/sh;
			shellScript = "if [[ \"$(uname -m)\" == arm64 ]]; then\n    export PATH=\"/opt/homebrew/bin:$PATH\"\nfi\nif which swiftlint > /dev/null; then\n  swiftlint\nelse\n  echo \"warning: SwiftLint not installed, download from https://github.com/realm/SwiftLint\"\nfi\n";
		};
/* End PBXShellScriptBuildPhase section */

/* Begin PBXSourcesBuildPhase section */
		83636B852C5BCE7B004E1EE5 /* Sources */ = {
			isa = PBXSourcesBuildPhase;
			buildActionMask = 2147483647;
			files = (
				83CD7EAE2C9339540091FB50 /* EditListViewModel.swift in Sources */,
				83BA04022C77656900391642 /* Favorite.swift in Sources */,
				83A02ED42CAECA5B003360A4 /* LinearGradientExtension.swift in Sources */,
				830DC6932C650D53000A0698 /* Previewer.swift in Sources */,
				8316B68D2C984D8500CCD571 /* Information.swift in Sources */,
				83A23C4E2C6E4F9D00B7DEC3 /* ThickDividerView.swift in Sources */,
				8355171E2C62666B006D111B /* AddPetViewModel.swift in Sources */,
				83CD7E582C85E7FB0091FB50 /* Veterinarian.swift in Sources */,
				83A02ECB2CAC33B0003360A4 /* ViewModifier.swift in Sources */,
				83E912CF2CC9470000A18A19 /* EditInformationListViewModel.swift in Sources */,
				83A02EBE2CA2EC42003360A4 /* ChartView.swift in Sources */,
				8316B6902C985B1800CCD571 /* EditHealthInformationViewModel.swift in Sources */,
				83BA03F42C7379F100391642 /* PetTabView.swift in Sources */,
				83D15E782CD3B0AF0007ADC1 /* HideKeyboardView.swift in Sources */,
				83A02EB52C99D070003360A4 /* CalendarExtension.swift in Sources */,
				83D15E7C2CDBC85E0007ADC1 /* NotificationHelper.swift in Sources */,
				83CD7E822C8F201C0091FB50 /* MedicineView.swift in Sources */,
				8316B69A2C99B80100CCD571 /* MedicineDetailView.swift in Sources */,
				83A02EB72CA174C7003360A4 /* ModelContext.swift in Sources */,
				835517212C626EAC006D111B /* StringExtension.swift in Sources */,
				83CD7E632C85FC070091FB50 /* Medicine.swift in Sources */,
				83B0076D2CE6624800247383 /* ArrayExtension.swift in Sources */,
				83E912CD2CC9456F00A18A19 /* EditInformationListView.swift in Sources */,
				83BA040C2C7CC3B600391642 /* BindingExtension.swift in Sources */,
				83D441442C7E171B00EBAEDB /* InformationListViewModel.swift in Sources */,
				83CD7E5F2C85ECE20091FB50 /* CategoryTitleView.swift in Sources */,
				83D441462C809CFA00EBAEDB /* OptionalExtension.swift in Sources */,
				83BA040A2C7CADDD00391642 /* EditInformationViewModel.swift in Sources */,
				83CD7EA12C9311BE0091FB50 /* Health.swift in Sources */,
				83CD7E672C8606F40091FB50 /* VeterinarianView.swift in Sources */,
				83BA04002C7762E200391642 /* EditInformationView.swift in Sources */,
				83A02EBB2CA2DEDD003360A4 /* EditVeterinarianViewModel.swift in Sources */,
				83CD7E6F2C8890560091FB50 /* AddMedicineView.swift in Sources */,
				83A02EB92CA2DEAC003360A4 /* EditVeterinarianView.swift in Sources */,
				83CD7EA82C9319270091FB50 /* HealthInformationView.swift in Sources */,
				83636BA52C5BCF1D004E1EE5 /* Pet.swift in Sources */,
				83A02ECD2CAC355B003360A4 /* View.swift in Sources */,
				83A02EC22CA2F0FD003360A4 /* ChartViewModel.swift in Sources */,
				83CD7E842C8F208D0091FB50 /* MedicineCardView.swift in Sources */,
				83A23C4C2C6E42D500B7DEC3 /* DateExtension.swift in Sources */,
				8355171B2C6253F2006D111B /* Identification.swift in Sources */,
				83CD7E782C889C1B0091FB50 /* EmptyListView.swift in Sources */,
				83A02EC02CA2ED84003360A4 /* Weight.swift in Sources */,
				83CD7E8A2C8F315C0091FB50 /* AddMedicineViewModel.swift in Sources */,
				835517182C60D882006D111B /* PetListView.swift in Sources */,
				83636B8D2C5BCE7B004E1EE5 /* MyPetApp.swift in Sources */,
				8383B3792CB699E10040F440 /* WeightHistoryView.swift in Sources */,
				83CD7EAA2C93240A0091FB50 /* EditHealthInformationView.swift in Sources */,
				83D15E762CD282D70007ADC1 /* PhotoPickerCenter.swift in Sources */,
				83636BA32C5BCF04004E1EE5 /* AddPetView.swift in Sources */,
				83CD7E762C8894E40091FB50 /* EditListView.swift in Sources */,
				83CD7EA52C9316BB0091FB50 /* InformationView.swift in Sources */,
				83BB91522C6660A70063185C /* InformationListView.swift in Sources */,
				83BB914F2C6651050063185C /* ImageExtension.swift in Sources */,
			);
			runOnlyForDeploymentPostprocessing = 0;
		};
/* End PBXSourcesBuildPhase section */

/* Begin XCBuildConfiguration section */
		83636B972C5BCE7D004E1EE5 /* Debug */ = {
			isa = XCBuildConfiguration;
			buildSettings = {
				ALWAYS_SEARCH_USER_PATHS = NO;
				ASSETCATALOG_COMPILER_GENERATE_SWIFT_ASSET_SYMBOL_EXTENSIONS = YES;
				CLANG_ANALYZER_NONNULL = YES;
				CLANG_ANALYZER_NUMBER_OBJECT_CONVERSION = YES_AGGRESSIVE;
				CLANG_CXX_LANGUAGE_STANDARD = "gnu++20";
				CLANG_ENABLE_MODULES = YES;
				CLANG_ENABLE_OBJC_ARC = YES;
				CLANG_ENABLE_OBJC_WEAK = YES;
				CLANG_WARN_BLOCK_CAPTURE_AUTORELEASING = YES;
				CLANG_WARN_BOOL_CONVERSION = YES;
				CLANG_WARN_COMMA = YES;
				CLANG_WARN_CONSTANT_CONVERSION = YES;
				CLANG_WARN_DEPRECATED_OBJC_IMPLEMENTATIONS = YES;
				CLANG_WARN_DIRECT_OBJC_ISA_USAGE = YES_ERROR;
				CLANG_WARN_DOCUMENTATION_COMMENTS = YES;
				CLANG_WARN_EMPTY_BODY = YES;
				CLANG_WARN_ENUM_CONVERSION = YES;
				CLANG_WARN_INFINITE_RECURSION = YES;
				CLANG_WARN_INT_CONVERSION = YES;
				CLANG_WARN_NON_LITERAL_NULL_CONVERSION = YES;
				CLANG_WARN_OBJC_IMPLICIT_RETAIN_SELF = YES;
				CLANG_WARN_OBJC_LITERAL_CONVERSION = YES;
				CLANG_WARN_OBJC_ROOT_CLASS = YES_ERROR;
				CLANG_WARN_QUOTED_INCLUDE_IN_FRAMEWORK_HEADER = YES;
				CLANG_WARN_RANGE_LOOP_ANALYSIS = YES;
				CLANG_WARN_STRICT_PROTOTYPES = YES;
				CLANG_WARN_SUSPICIOUS_MOVE = YES;
				CLANG_WARN_UNGUARDED_AVAILABILITY = YES_AGGRESSIVE;
				CLANG_WARN_UNREACHABLE_CODE = YES;
				CLANG_WARN__DUPLICATE_METHOD_MATCH = YES;
				COPY_PHASE_STRIP = NO;
				DEBUG_INFORMATION_FORMAT = dwarf;
				ENABLE_STRICT_OBJC_MSGSEND = YES;
				ENABLE_TESTABILITY = YES;
				ENABLE_USER_SCRIPT_SANDBOXING = YES;
				GCC_C_LANGUAGE_STANDARD = gnu17;
				GCC_DYNAMIC_NO_PIC = NO;
				GCC_NO_COMMON_BLOCKS = YES;
				GCC_OPTIMIZATION_LEVEL = 0;
				GCC_PREPROCESSOR_DEFINITIONS = (
					"DEBUG=1",
					"$(inherited)",
				);
				GCC_WARN_64_TO_32_BIT_CONVERSION = YES;
				GCC_WARN_ABOUT_RETURN_TYPE = YES_ERROR;
				GCC_WARN_UNDECLARED_SELECTOR = YES;
				GCC_WARN_UNINITIALIZED_AUTOS = YES_AGGRESSIVE;
				GCC_WARN_UNUSED_FUNCTION = YES;
				GCC_WARN_UNUSED_VARIABLE = YES;
				IPHONEOS_DEPLOYMENT_TARGET = 17.0;
				LOCALIZATION_PREFERS_STRING_CATALOGS = YES;
				MTL_ENABLE_DEBUG_INFO = INCLUDE_SOURCE;
				MTL_FAST_MATH = YES;
				ONLY_ACTIVE_ARCH = YES;
				SDKROOT = iphoneos;
				SWIFT_ACTIVE_COMPILATION_CONDITIONS = "DEBUG $(inherited)";
				SWIFT_OPTIMIZATION_LEVEL = "-Onone";
			};
			name = Debug;
		};
		83636B982C5BCE7D004E1EE5 /* Release */ = {
			isa = XCBuildConfiguration;
			buildSettings = {
				ALWAYS_SEARCH_USER_PATHS = NO;
				ASSETCATALOG_COMPILER_GENERATE_SWIFT_ASSET_SYMBOL_EXTENSIONS = YES;
				CLANG_ANALYZER_NONNULL = YES;
				CLANG_ANALYZER_NUMBER_OBJECT_CONVERSION = YES_AGGRESSIVE;
				CLANG_CXX_LANGUAGE_STANDARD = "gnu++20";
				CLANG_ENABLE_MODULES = YES;
				CLANG_ENABLE_OBJC_ARC = YES;
				CLANG_ENABLE_OBJC_WEAK = YES;
				CLANG_WARN_BLOCK_CAPTURE_AUTORELEASING = YES;
				CLANG_WARN_BOOL_CONVERSION = YES;
				CLANG_WARN_COMMA = YES;
				CLANG_WARN_CONSTANT_CONVERSION = YES;
				CLANG_WARN_DEPRECATED_OBJC_IMPLEMENTATIONS = YES;
				CLANG_WARN_DIRECT_OBJC_ISA_USAGE = YES_ERROR;
				CLANG_WARN_DOCUMENTATION_COMMENTS = YES;
				CLANG_WARN_EMPTY_BODY = YES;
				CLANG_WARN_ENUM_CONVERSION = YES;
				CLANG_WARN_INFINITE_RECURSION = YES;
				CLANG_WARN_INT_CONVERSION = YES;
				CLANG_WARN_NON_LITERAL_NULL_CONVERSION = YES;
				CLANG_WARN_OBJC_IMPLICIT_RETAIN_SELF = YES;
				CLANG_WARN_OBJC_LITERAL_CONVERSION = YES;
				CLANG_WARN_OBJC_ROOT_CLASS = YES_ERROR;
				CLANG_WARN_QUOTED_INCLUDE_IN_FRAMEWORK_HEADER = YES;
				CLANG_WARN_RANGE_LOOP_ANALYSIS = YES;
				CLANG_WARN_STRICT_PROTOTYPES = YES;
				CLANG_WARN_SUSPICIOUS_MOVE = YES;
				CLANG_WARN_UNGUARDED_AVAILABILITY = YES_AGGRESSIVE;
				CLANG_WARN_UNREACHABLE_CODE = YES;
				CLANG_WARN__DUPLICATE_METHOD_MATCH = YES;
				COPY_PHASE_STRIP = NO;
				DEBUG_INFORMATION_FORMAT = "dwarf-with-dsym";
				ENABLE_NS_ASSERTIONS = NO;
				ENABLE_STRICT_OBJC_MSGSEND = YES;
				ENABLE_USER_SCRIPT_SANDBOXING = YES;
				GCC_C_LANGUAGE_STANDARD = gnu17;
				GCC_NO_COMMON_BLOCKS = YES;
				GCC_WARN_64_TO_32_BIT_CONVERSION = YES;
				GCC_WARN_ABOUT_RETURN_TYPE = YES_ERROR;
				GCC_WARN_UNDECLARED_SELECTOR = YES;
				GCC_WARN_UNINITIALIZED_AUTOS = YES_AGGRESSIVE;
				GCC_WARN_UNUSED_FUNCTION = YES;
				GCC_WARN_UNUSED_VARIABLE = YES;
				IPHONEOS_DEPLOYMENT_TARGET = 17.0;
				LOCALIZATION_PREFERS_STRING_CATALOGS = YES;
				MTL_ENABLE_DEBUG_INFO = NO;
				MTL_FAST_MATH = YES;
				SDKROOT = iphoneos;
				SWIFT_COMPILATION_MODE = wholemodule;
				VALIDATE_PRODUCT = YES;
			};
			name = Release;
		};
		83636B9A2C5BCE7D004E1EE5 /* Debug */ = {
			isa = XCBuildConfiguration;
			buildSettings = {
				ASSETCATALOG_COMPILER_APPICON_NAME = AppIcon;
				ASSETCATALOG_COMPILER_GLOBAL_ACCENT_COLOR_NAME = AccentColor;
				CODE_SIGN_STYLE = Automatic;
				CURRENT_PROJECT_VERSION = 1;
				DEVELOPMENT_ASSET_PATHS = "\"MyPet/Preview Content\"";
				DEVELOPMENT_TEAM = UF8VBT3FGJ;
				ENABLE_PREVIEWS = YES;
				ENABLE_USER_SCRIPT_SANDBOXING = NO;
				GENERATE_INFOPLIST_FILE = YES;
				INFOPLIST_KEY_UIApplicationSceneManifest_Generation = YES;
				INFOPLIST_KEY_UIApplicationSupportsIndirectInputEvents = YES;
				INFOPLIST_KEY_UILaunchScreen_Generation = YES;
				INFOPLIST_KEY_UILaunchStoryboardName = LaunchScreen.storyboard;
				INFOPLIST_KEY_UIRequiresFullScreen = YES;
				INFOPLIST_KEY_UIStatusBarStyle = "";
				INFOPLIST_KEY_UISupportedInterfaceOrientations = UIInterfaceOrientationPortrait;
				IPHONEOS_DEPLOYMENT_TARGET = 17.0;
				LD_RUNPATH_SEARCH_PATHS = (
					"$(inherited)",
					"@executable_path/Frameworks",
				);
				MARKETING_VERSION = 1.0;
				PRODUCT_BUNDLE_IDENTIFIER = com.mickaelhorn.MyPet;
				PRODUCT_NAME = "$(TARGET_NAME)";
				SWIFT_ACTIVE_COMPILATION_CONDITIONS = DEBUG;
				SWIFT_EMIT_LOC_STRINGS = YES;
				SWIFT_VERSION = 5.0;
				TARGETED_DEVICE_FAMILY = "1,2";
			};
			name = Debug;
		};
		83636B9B2C5BCE7D004E1EE5 /* Release */ = {
			isa = XCBuildConfiguration;
			buildSettings = {
				ASSETCATALOG_COMPILER_APPICON_NAME = AppIcon;
				ASSETCATALOG_COMPILER_GLOBAL_ACCENT_COLOR_NAME = AccentColor;
				CODE_SIGN_STYLE = Automatic;
				CURRENT_PROJECT_VERSION = 1;
				DEVELOPMENT_ASSET_PATHS = "\"MyPet/Preview Content\"";
				DEVELOPMENT_TEAM = UF8VBT3FGJ;
				ENABLE_PREVIEWS = YES;
				ENABLE_USER_SCRIPT_SANDBOXING = NO;
				GENERATE_INFOPLIST_FILE = YES;
				INFOPLIST_KEY_UIApplicationSceneManifest_Generation = YES;
				INFOPLIST_KEY_UIApplicationSupportsIndirectInputEvents = YES;
				INFOPLIST_KEY_UILaunchScreen_Generation = YES;
				INFOPLIST_KEY_UILaunchStoryboardName = LaunchScreen.storyboard;
				INFOPLIST_KEY_UIRequiresFullScreen = YES;
				INFOPLIST_KEY_UIStatusBarStyle = "";
				INFOPLIST_KEY_UISupportedInterfaceOrientations = UIInterfaceOrientationPortrait;
				IPHONEOS_DEPLOYMENT_TARGET = 17.0;
				LD_RUNPATH_SEARCH_PATHS = (
					"$(inherited)",
					"@executable_path/Frameworks",
				);
				MARKETING_VERSION = 1.0;
				PRODUCT_BUNDLE_IDENTIFIER = com.mickaelhorn.MyPet;
				PRODUCT_NAME = "$(TARGET_NAME)";
				SWIFT_EMIT_LOC_STRINGS = YES;
				SWIFT_VERSION = 5.0;
				TARGETED_DEVICE_FAMILY = "1,2";
			};
			name = Release;
		};
/* End XCBuildConfiguration section */

/* Begin XCConfigurationList section */
		83636B842C5BCE7B004E1EE5 /* Build configuration list for PBXProject "MyPet" */ = {
			isa = XCConfigurationList;
			buildConfigurations = (
				83636B972C5BCE7D004E1EE5 /* Debug */,
				83636B982C5BCE7D004E1EE5 /* Release */,
			);
			defaultConfigurationIsVisible = 0;
			defaultConfigurationName = Release;
		};
		83636B992C5BCE7D004E1EE5 /* Build configuration list for PBXNativeTarget "MyPet" */ = {
			isa = XCConfigurationList;
			buildConfigurations = (
				83636B9A2C5BCE7D004E1EE5 /* Debug */,
				83636B9B2C5BCE7D004E1EE5 /* Release */,
			);
			defaultConfigurationIsVisible = 0;
			defaultConfigurationName = Release;
		};
/* End XCConfigurationList section */
	};
	rootObject = 83636B812C5BCE7B004E1EE5 /* Project object */;
}
